
Microsoft Visual Studio Solution File, Format Version 12.00
# Visual Studio Version 17
VisualStudioVersion = 17.4.33205.214
MinimumVisualStudioVersion = 10.0.40219.1
Project("{FAE04EC0-301F-11D3-BF4B-00C04F79EFBC}") = "ApiServer", "ApiServer\ApiServer.csproj", "{C7F5C6A3-E9DB-42A8-9A5F-C381D35870F1}"
EndProject
Project("{FAE04EC0-301F-11D3-BF4B-00C04F79EFBC}") = "SampleClient", "SampleClient\SampleClient.csproj", "{B7AFDEE4-2086-43FA-8046-3F1CFD34F6A2}"
EndProject
Project("{FAE04EC0-301F-11D3-BF4B-00C04F79EFBC}") = "Shared", "Shared\Shared.csproj", "{90363EE5-3341-4BAA-96C2-25A2EBD472D8}"
EndProject
Global
	GlobalSection(SolutionConfigurationPlatforms) = preSolution
		Debug|Any CPU = Debug|Any CPU
		Release|Any CPU = Release|Any CPU
	EndGlobalSection
	GlobalSection(ProjectConfigurationPlatforms) = postSolution
		{C7F5C6A3-E9DB-42A8-9A5F-C381D35870F1}.Debug|Any CPU.ActiveCfg = Debug|Any CPU
		{C7F5C6A3-E9DB-42A8-9A5F-C381D35870F1}.Debug|Any CPU.Build.0 = Debug|Any CPU
		{C7F5C6A3-E9DB-42A8-9A5F-C381D35870F1}.Release|Any CPU.ActiveCfg = Release|Any CPU
		{C7F5C6A3-E9DB-42A8-9A5F-C381D35870F1}.Release|Any CPU.Build.0 = Release|Any CPU
		{B7AFDEE4-2086-43FA-8046-3F1CFD34F6A2}.Debug|Any CPU.ActiveCfg = Debug|Any CPU
		{B7AFDEE4-2086-43FA-8046-3F1CFD34F6A2}.Debug|Any CPU.Build.0 = Debug|Any CPU
		{B7AFDEE4-2086-43FA-8046-3F1CFD34F6A2}.Release|Any CPU.ActiveCfg = Release|Any CPU
		{B7AFDEE4-2086-43FA-8046-3F1CFD34F6A2}.Release|Any CPU.Build.0 = Release|Any CPU
		{90363EE5-3341-4BAA-96C2-25A2EBD472D8}.Debug|Any CPU.ActiveCfg = Debug|Any CPU
		{90363EE5-3341-4BAA-96C2-25A2EBD472D8}.Debug|Any CPU.Build.0 = Debug|Any CPU
		{90363EE5-3341-4BAA-96C2-25A2EBD472D8}.Release|Any CPU.ActiveCfg = Release|Any CPU
		{90363EE5-3341-4BAA-96C2-25A2EBD472D8}.Release|Any CPU.Build.0 = Release|Any CPU
	EndGlobalSection
	GlobalSection(SolutionProperties) = preSolution
		HideSolutionNode = FALSE
	EndGlobalSection
	GlobalSection(ExtensibilityGlobals) = postSolution
		SolutionGuid = {DF27D734-6738-4D23-98EC-D911D8EBA8C4}
	EndGlobalSection
EndGlobal
